
Microsoft Visual Studio Solution File, Format Version 12.00
# Visual Studio 15
VisualStudioVersion = 15.0.28010.2048
MinimumVisualStudioVersion = 10.0.40219.1
Project("{FAE04EC0-301F-11D3-BF4B-00C04F79EFBC}") = "AuthenIdentity", "AuthenIdentity\AuthenIdentity.csproj", "{AF451958-78D4-4510-8E4F-9A9522E92346}"
EndProject
Global
	GlobalSection(SolutionConfigurationPlatforms) = preSolution
		Debug|Any CPU = Debug|Any CPU
		Release|Any CPU = Release|Any CPU
	EndGlobalSection
	GlobalSection(ProjectConfigurationPlatforms) = postSolution
		{AF451958-78D4-4510-8E4F-9A9522E92346}.Debug|Any CPU.ActiveCfg = Debug|Any CPU
		{AF451958-78D4-4510-8E4F-9A9522E92346}.Debug|Any CPU.Build.0 = Debug|Any CPU
		{AF451958-78D4-4510-8E4F-9A9522E92346}.Release|Any CPU.ActiveCfg = Release|Any CPU
		{AF451958-78D4-4510-8E4F-9A9522E92346}.Release|Any CPU.Build.0 = Release|Any CPU
	EndGlobalSection
	GlobalSection(SolutionProperties) = preSolution
		HideSolutionNode = FALSE
	EndGlobalSection
	GlobalSection(ExtensibilityGlobals) = postSolution
		SolutionGuid = {EFB4CBB6-471F-4B06-B703-F90516656591}
	EndGlobalSection
EndGlobal
